
Microsoft Visual Studio Solution File, Format Version 12.00
# Visual Studio 2012
Project("{E24C65DC-7377-472B-9ABA-BC803B73C61A}") = "rtc_client", "http://localhost:9330", "{0C83A2B8-5143-40F4-A76A-DF09192DAF8E}"
	ProjectSection(WebsiteProperties) = preProject
		UseIISExpress = "true"
		TargetFrameworkMoniker = ".NETFramework,Version%3Dv2.0"
		Debug.AspNetCompiler.VirtualPath = "/WebRTC"
		Debug.AspNetCompiler.PhysicalPath = "..\rtc_client\"
		Debug.AspNetCompiler.TargetPath = "PrecompiledWeb\WebRTC\"
		Debug.AspNetCompiler.Updateable = "true"
		Debug.AspNetCompiler.ForceOverwrite = "true"
		Debug.AspNetCompiler.FixedNames = "false"
		Debug.AspNetCompiler.Debug = "True"
		Release.AspNetCompiler.VirtualPath = "/WebRTC"
		Release.AspNetCompiler.PhysicalPath = "..\rtc_client\"
		Release.AspNetCompiler.TargetPath = "PrecompiledWeb\WebRTC\"
		Release.AspNetCompiler.Updateable = "true"
		Release.AspNetCompiler.ForceOverwrite = "true"
		Release.AspNetCompiler.FixedNames = "false"
		Release.AspNetCompiler.Debug = "False"
		SlnRelativePath = "..\rtc_client\"
		DefaultWebSiteLanguage = "Visual C#"
	EndProjectSection
EndProject
Global
	GlobalSection(SolutionConfigurationPlatforms) = preSolution
		Debug|Any CPU = Debug|Any CPU
	EndGlobalSection
	GlobalSection(ProjectConfigurationPlatforms) = postSolution
		{0C83A2B8-5143-40F4-A76A-DF09192DAF8E}.Debug|Any CPU.ActiveCfg = Debug|Any CPU
		{0C83A2B8-5143-40F4-A76A-DF09192DAF8E}.Debug|Any CPU.Build.0 = Debug|Any CPU
	EndGlobalSection
	GlobalSection(SolutionProperties) = preSolution
		HideSolutionNode = FALSE
	EndGlobalSection
EndGlobal
